
Microsoft Visual Studio Solution File, Format Version 12.00
# Visual Studio Version 16
VisualStudioVersion = 16.0.30517.126
MinimumVisualStudioVersion = 10.0.40219.1
Project("{9A19103F-16F7-4668-BE54-9A1E7A4F7556}") = "ToDoList", "ToDoList\ToDoList.csproj", "{2A3F929A-D290-4E09-9A66-53201FD62050}"
EndProject
Project("{9A19103F-16F7-4668-BE54-9A1E7A4F7556}") = "Component", "Component\Component.csproj", "{99360805-02EF-4BB7-9602-948F65F148CA}"
EndProject
Project("{9A19103F-16F7-4668-BE54-9A1E7A4F7556}") = "Services", "Services\Services.csproj", "{00CB88A2-A5FC-4882-A509-5BC70435BD38}"
EndProject
Project("{FAE04EC0-301F-11D3-BF4B-00C04F79EFBC}") = "DoList", "DoList\DoList.csproj", "{689FBA46-DD70-4080-A24F-7C8FF3420037}"
EndProject
Global
	GlobalSection(SolutionConfigurationPlatforms) = preSolution
		Debug|Any CPU = Debug|Any CPU
		Release|Any CPU = Release|Any CPU
	EndGlobalSection
	GlobalSection(ProjectConfigurationPlatforms) = postSolution
		{2A3F929A-D290-4E09-9A66-53201FD62050}.Debug|Any CPU.ActiveCfg = Debug|Any CPU
		{2A3F929A-D290-4E09-9A66-53201FD62050}.Debug|Any CPU.Build.0 = Debug|Any CPU
		{2A3F929A-D290-4E09-9A66-53201FD62050}.Release|Any CPU.ActiveCfg = Release|Any CPU
		{2A3F929A-D290-4E09-9A66-53201FD62050}.Release|Any CPU.Build.0 = Release|Any CPU
		{99360805-02EF-4BB7-9602-948F65F148CA}.Debug|Any CPU.ActiveCfg = Debug|Any CPU
		{99360805-02EF-4BB7-9602-948F65F148CA}.Debug|Any CPU.Build.0 = Debug|Any CPU
		{99360805-02EF-4BB7-9602-948F65F148CA}.Release|Any CPU.ActiveCfg = Release|Any CPU
		{99360805-02EF-4BB7-9602-948F65F148CA}.Release|Any CPU.Build.0 = Release|Any CPU
		{00CB88A2-A5FC-4882-A509-5BC70435BD38}.Debug|Any CPU.ActiveCfg = Debug|Any CPU
		{00CB88A2-A5FC-4882-A509-5BC70435BD38}.Debug|Any CPU.Build.0 = Debug|Any CPU
		{00CB88A2-A5FC-4882-A509-5BC70435BD38}.Release|Any CPU.ActiveCfg = Release|Any CPU
		{00CB88A2-A5FC-4882-A509-5BC70435BD38}.Release|Any CPU.Build.0 = Release|Any CPU
		{689FBA46-DD70-4080-A24F-7C8FF3420037}.Debug|Any CPU.ActiveCfg = Debug|Any CPU
		{689FBA46-DD70-4080-A24F-7C8FF3420037}.Debug|Any CPU.Build.0 = Debug|Any CPU
		{689FBA46-DD70-4080-A24F-7C8FF3420037}.Release|Any CPU.ActiveCfg = Release|Any CPU
		{689FBA46-DD70-4080-A24F-7C8FF3420037}.Release|Any CPU.Build.0 = Release|Any CPU
	EndGlobalSection
	GlobalSection(SolutionProperties) = preSolution
		HideSolutionNode = FALSE
	EndGlobalSection
	GlobalSection(ExtensibilityGlobals) = postSolution
		SolutionGuid = {A0CA0D61-FAB1-4E30-9C4A-CF3E8B94B877}
	EndGlobalSection
EndGlobal
